
Microsoft Visual Studio Solution File, Format Version 12.00
# Visual Studio Version 17
VisualStudioVersion = 17.2.32519.379
MinimumVisualStudioVersion = 10.0.40219.1
Project("{FAE04EC0-301F-11D3-BF4B-00C04F79EFBC}") = "example12", "example12.csproj", "{396A0539-4D66-4215-95CF-E3A54DD06D80}"
EndProject
Global
	GlobalSection(SolutionConfigurationPlatforms) = preSolution
		Debug|Any CPU = Debug|Any CPU
		Release|Any CPU = Release|Any CPU
	EndGlobalSection
	GlobalSection(ProjectConfigurationPlatforms) = postSolution
		{396A0539-4D66-4215-95CF-E3A54DD06D80}.Debug|Any CPU.ActiveCfg = Debug|Any CPU
		{396A0539-4D66-4215-95CF-E3A54DD06D80}.Debug|Any CPU.Build.0 = Debug|Any CPU
		{396A0539-4D66-4215-95CF-E3A54DD06D80}.Release|Any CPU.ActiveCfg = Release|Any CPU
		{396A0539-4D66-4215-95CF-E3A54DD06D80}.Release|Any CPU.Build.0 = Release|Any CPU
	EndGlobalSection
	GlobalSection(SolutionProperties) = preSolution
		HideSolutionNode = FALSE
	EndGlobalSection
	GlobalSection(ExtensibilityGlobals) = postSolution
		SolutionGuid = {358EA77C-1182-461C-A591-A9F190E0F8F5}
	EndGlobalSection
EndGlobal
