
Microsoft Visual Studio Solution File, Format Version 12.00
# Visual Studio Version 17
VisualStudioVersion = 17.2.32519.379
MinimumVisualStudioVersion = 10.0.40219.1
Project("{FAE04EC0-301F-11D3-BF4B-00C04F79EFBC}") = "example2", "example2.csproj", "{5C4E2D33-E0BE-481C-A320-52C19B398197}"
EndProject
Global
	GlobalSection(SolutionConfigurationPlatforms) = preSolution
		Debug|Any CPU = Debug|Any CPU
		Release|Any CPU = Release|Any CPU
	EndGlobalSection
	GlobalSection(ProjectConfigurationPlatforms) = postSolution
		{5C4E2D33-E0BE-481C-A320-52C19B398197}.Debug|Any CPU.ActiveCfg = Debug|Any CPU
		{5C4E2D33-E0BE-481C-A320-52C19B398197}.Debug|Any CPU.Build.0 = Debug|Any CPU
		{5C4E2D33-E0BE-481C-A320-52C19B398197}.Release|Any CPU.ActiveCfg = Release|Any CPU
		{5C4E2D33-E0BE-481C-A320-52C19B398197}.Release|Any CPU.Build.0 = Release|Any CPU
	EndGlobalSection
	GlobalSection(SolutionProperties) = preSolution
		HideSolutionNode = FALSE
	EndGlobalSection
	GlobalSection(ExtensibilityGlobals) = postSolution
		SolutionGuid = {590C9BB3-3846-4E64-9858-0851974D45C1}
	EndGlobalSection
EndGlobal
