
Microsoft Visual Studio Solution File, Format Version 12.00
# Visual Studio Version 17
VisualStudioVersion = 17.2.32519.379
MinimumVisualStudioVersion = 10.0.40219.1
Project("{FAE04EC0-301F-11D3-BF4B-00C04F79EFBC}") = "exampleClass", "exampleClass.csproj", "{38D1A744-04B7-4728-A77B-62B3B283DF74}"
EndProject
Global
	GlobalSection(SolutionConfigurationPlatforms) = preSolution
		Debug|Any CPU = Debug|Any CPU
		Release|Any CPU = Release|Any CPU
	EndGlobalSection
	GlobalSection(ProjectConfigurationPlatforms) = postSolution
		{38D1A744-04B7-4728-A77B-62B3B283DF74}.Debug|Any CPU.ActiveCfg = Debug|Any CPU
		{38D1A744-04B7-4728-A77B-62B3B283DF74}.Debug|Any CPU.Build.0 = Debug|Any CPU
		{38D1A744-04B7-4728-A77B-62B3B283DF74}.Release|Any CPU.ActiveCfg = Release|Any CPU
		{38D1A744-04B7-4728-A77B-62B3B283DF74}.Release|Any CPU.Build.0 = Release|Any CPU
	EndGlobalSection
	GlobalSection(SolutionProperties) = preSolution
		HideSolutionNode = FALSE
	EndGlobalSection
	GlobalSection(ExtensibilityGlobals) = postSolution
		SolutionGuid = {86CE85B8-7CEB-46EA-85EE-C83C76DC6100}
	EndGlobalSection
EndGlobal
